// !$*UTF8*$!
{
	archiveVersion = 1;
	classes = {
	};
	objectVersion = 56;
	objects = {

/* Begin PBXBuildFile section */
		475FB233296FD47F0059796F /* CreateIDPhotoView.swift in Sources */ = {isa = PBXBuildFile; fileRef = 475FB231296FD47F0059796F /* CreateIDPhotoView.swift */; };
		475FB236296FD5000059796F /* UIImage+.swift in Sources */ = {isa = PBXBuildFile; fileRef = 475FB235296FD5000059796F /* UIImage+.swift */; };
		475FB238296FD6300059796F /* CreateIDPhotoViewContainer.swift in Sources */ = {isa = PBXBuildFile; fileRef = 475FB237296FD6300059796F /* CreateIDPhotoViewContainer.swift */; };
		479573E2296C1B1400B98881 /* IDPhotoSizePickerView.swift in Sources */ = {isa = PBXBuildFile; fileRef = 479573E1296C1B1400B98881 /* IDPhotoSizePickerView.swift */; };
		479BBC7729696DCB00C02BB7 /* Localizable.strings in Resources */ = {isa = PBXBuildFile; fileRef = 479BBC7929696DCB00C02BB7 /* Localizable.strings */; };
		479BBC7D29696E0500C02BB7 /* InfoPlist.strings in Resources */ = {isa = PBXBuildFile; fileRef = 479BBC7F29696E0500C02BB7 /* InfoPlist.strings */; };
		479BBC8229696FF900C02BB7 /* TopViewContainer.swift in Sources */ = {isa = PBXBuildFile; fileRef = 479BBC8129696FF900C02BB7 /* TopViewContainer.swift */; };
		479BBC842969754800C02BB7 /* PicturePickerView.swift in Sources */ = {isa = PBXBuildFile; fileRef = 479BBC832969754800C02BB7 /* PicturePickerView.swift */; };
		47C49B3E2967FB1C00F2BF35 /* SimpleIDPhotoApp.swift in Sources */ = {isa = PBXBuildFile; fileRef = 47C49B3D2967FB1C00F2BF35 /* SimpleIDPhotoApp.swift */; };
		47C49B402967FB1C00F2BF35 /* ContentView.swift in Sources */ = {isa = PBXBuildFile; fileRef = 47C49B3F2967FB1C00F2BF35 /* ContentView.swift */; };
		47C49B422967FB1E00F2BF35 /* Assets.xcassets in Resources */ = {isa = PBXBuildFile; fileRef = 47C49B412967FB1E00F2BF35 /* Assets.xcassets */; };
		47C49B452967FB1E00F2BF35 /* Preview Assets.xcassets in Resources */ = {isa = PBXBuildFile; fileRef = 47C49B442967FB1E00F2BF35 /* Preview Assets.xcassets */; };
		47C49B472967FB1E00F2BF35 /* Persistence.swift in Sources */ = {isa = PBXBuildFile; fileRef = 47C49B462967FB1E00F2BF35 /* Persistence.swift */; };
		47C49B4A2967FB1E00F2BF35 /* Simple_ID_Photo.xcdatamodeld in Sources */ = {isa = PBXBuildFile; fileRef = 47C49B482967FB1E00F2BF35 /* Simple_ID_Photo.xcdatamodeld */; };
		47C49B542967FB1E00F2BF35 /* Simple_ID_PhotoTests.swift in Sources */ = {isa = PBXBuildFile; fileRef = 47C49B532967FB1E00F2BF35 /* Simple_ID_PhotoTests.swift */; };
		47C49B5E2967FB1F00F2BF35 /* Simple_ID_PhotoUITests.swift in Sources */ = {isa = PBXBuildFile; fileRef = 47C49B5D2967FB1F00F2BF35 /* Simple_ID_PhotoUITests.swift */; };
		47C49B602967FB1F00F2BF35 /* Simple_ID_PhotoUITestsLaunchTests.swift in Sources */ = {isa = PBXBuildFile; fileRef = 47C49B5F2967FB1F00F2BF35 /* Simple_ID_PhotoUITestsLaunchTests.swift */; };
		47C49B71296831E600F2BF35 /* RootView.swift in Sources */ = {isa = PBXBuildFile; fileRef = 47C49B70296831E600F2BF35 /* RootView.swift */; };
		47C49B742968326200F2BF35 /* TopView.swift in Sources */ = {isa = PBXBuildFile; fileRef = 47C49B732968326200F2BF35 /* TopView.swift */; };
		47C49B7A296847CE00F2BF35 /* FirebaseAnalytics in Frameworks */ = {isa = PBXBuildFile; productRef = 47C49B79296847CE00F2BF35 /* FirebaseAnalytics */; };
		47C49B7C296847CE00F2BF35 /* FirebaseAnalyticsSwift in Frameworks */ = {isa = PBXBuildFile; productRef = 47C49B7B296847CE00F2BF35 /* FirebaseAnalyticsSwift */; };
		47C49B7E296847CE00F2BF35 /* FirebaseAuth in Frameworks */ = {isa = PBXBuildFile; productRef = 47C49B7D296847CE00F2BF35 /* FirebaseAuth */; };
		47C49B80296847CE00F2BF35 /* FirebaseAuthCombine-Community in Frameworks */ = {isa = PBXBuildFile; productRef = 47C49B7F296847CE00F2BF35 /* FirebaseAuthCombine-Community */; };
		47C49B82296847CE00F2BF35 /* FirebaseCrashlytics in Frameworks */ = {isa = PBXBuildFile; productRef = 47C49B81296847CE00F2BF35 /* FirebaseCrashlytics */; };
		47C49B84296847CE00F2BF35 /* FirebaseDatabase in Frameworks */ = {isa = PBXBuildFile; productRef = 47C49B83296847CE00F2BF35 /* FirebaseDatabase */; };
		47C49B86296847CE00F2BF35 /* FirebaseDatabaseSwift in Frameworks */ = {isa = PBXBuildFile; productRef = 47C49B85296847CE00F2BF35 /* FirebaseDatabaseSwift */; };
		47C49B88296847CE00F2BF35 /* FirebaseFirestore in Frameworks */ = {isa = PBXBuildFile; productRef = 47C49B87296847CE00F2BF35 /* FirebaseFirestore */; };
		47C49B8A296847CE00F2BF35 /* FirebaseFirestoreCombine-Community in Frameworks */ = {isa = PBXBuildFile; productRef = 47C49B89296847CE00F2BF35 /* FirebaseFirestoreCombine-Community */; };
		47C49B8C296847CE00F2BF35 /* FirebaseFirestoreSwift in Frameworks */ = {isa = PBXBuildFile; productRef = 47C49B8B296847CE00F2BF35 /* FirebaseFirestoreSwift */; };
		47C49B8E296847CE00F2BF35 /* FirebaseStorage in Frameworks */ = {isa = PBXBuildFile; productRef = 47C49B8D296847CE00F2BF35 /* FirebaseStorage */; };
		47C49B90296847CE00F2BF35 /* FirebaseStorageCombine-Community in Frameworks */ = {isa = PBXBuildFile; productRef = 47C49B8F296847CE00F2BF35 /* FirebaseStorageCombine-Community */; };
		47C49B94296849A700F2BF35 /* CameraView.swift in Sources */ = {isa = PBXBuildFile; fileRef = 47C49B93296849A700F2BF35 /* CameraView.swift */; };
		47D9040F2969142500DD4FAF /* ScreenSizeHelper.swift in Sources */ = {isa = PBXBuildFile; fileRef = 47D9040E2969142500DD4FAF /* ScreenSizeHelper.swift */; };
		47D9041229692E9200DD4FAF /* Color+.swift in Sources */ = {isa = PBXBuildFile; fileRef = 47D9041129692E9200DD4FAF /* Color+.swift */; };
/* End PBXBuildFile section */

/* Begin PBXContainerItemProxy section */
		47C49B502967FB1E00F2BF35 /* PBXContainerItemProxy */ = {
			isa = PBXContainerItemProxy;
			containerPortal = 47C49B322967FB1C00F2BF35 /* Project object */;
			proxyType = 1;
			remoteGlobalIDString = 47C49B392967FB1C00F2BF35;
			remoteInfo = "Simple ID Photo";
		};
		47C49B5A2967FB1F00F2BF35 /* PBXContainerItemProxy */ = {
			isa = PBXContainerItemProxy;
			containerPortal = 47C49B322967FB1C00F2BF35 /* Project object */;
			proxyType = 1;
			remoteGlobalIDString = 47C49B392967FB1C00F2BF35;
			remoteInfo = "Simple ID Photo";
		};
/* End PBXContainerItemProxy section */

/* Begin PBXFileReference section */
		47013AEB296C006B000A0D89 /* README.md */ = {isa = PBXFileReference; lastKnownFileType = net.daringfireball.markdown; path = README.md; sourceTree = "<group>"; };
		47013AEC296C0224000A0D89 /* GoogleService-Info.plist */ = {isa = PBXFileReference; lastKnownFileType = text.plist.xml; path = "GoogleService-Info.plist"; sourceTree = "<group>"; };
		475FB231296FD47F0059796F /* CreateIDPhotoView.swift */ = {isa = PBXFileReference; fileEncoding = 4; lastKnownFileType = sourcecode.swift; path = CreateIDPhotoView.swift; sourceTree = "<group>"; };
		475FB235296FD5000059796F /* UIImage+.swift */ = {isa = PBXFileReference; fileEncoding = 4; lastKnownFileType = sourcecode.swift; path = "UIImage+.swift"; sourceTree = "<group>"; };
		475FB237296FD6300059796F /* CreateIDPhotoViewContainer.swift */ = {isa = PBXFileReference; fileEncoding = 4; lastKnownFileType = sourcecode.swift; path = CreateIDPhotoViewContainer.swift; sourceTree = "<group>"; };
		479573E1296C1B1400B98881 /* IDPhotoSizePickerView.swift */ = {isa = PBXFileReference; lastKnownFileType = sourcecode.swift; path = IDPhotoSizePickerView.swift; sourceTree = "<group>"; };
		479BBC7829696DCB00C02BB7 /* en */ = {isa = PBXFileReference; lastKnownFileType = text.plist.strings; name = en; path = en.lproj/Localizable.strings; sourceTree = "<group>"; };
		479BBC7A29696DD800C02BB7 /* ja */ = {isa = PBXFileReference; lastKnownFileType = text.plist.strings; name = ja; path = ja.lproj/Localizable.strings; sourceTree = "<group>"; };
		479BBC7E29696E0500C02BB7 /* en */ = {isa = PBXFileReference; lastKnownFileType = text.plist.strings; name = en; path = en.lproj/InfoPlist.strings; sourceTree = "<group>"; };
		479BBC8029696E0900C02BB7 /* ja */ = {isa = PBXFileReference; lastKnownFileType = text.plist.strings; name = ja; path = ja.lproj/InfoPlist.strings; sourceTree = "<group>"; };
		479BBC8129696FF900C02BB7 /* TopViewContainer.swift */ = {isa = PBXFileReference; lastKnownFileType = sourcecode.swift; path = TopViewContainer.swift; sourceTree = "<group>"; };
		479BBC832969754800C02BB7 /* PicturePickerView.swift */ = {isa = PBXFileReference; lastKnownFileType = sourcecode.swift; path = PicturePickerView.swift; sourceTree = "<group>"; };
		47C49B3A2967FB1C00F2BF35 /* Simple ID Photo.app */ = {isa = PBXFileReference; explicitFileType = wrapper.application; includeInIndex = 0; path = "Simple ID Photo.app"; sourceTree = BUILT_PRODUCTS_DIR; };
		47C49B3D2967FB1C00F2BF35 /* SimpleIDPhotoApp.swift */ = {isa = PBXFileReference; lastKnownFileType = sourcecode.swift; path = SimpleIDPhotoApp.swift; sourceTree = "<group>"; };
		47C49B3F2967FB1C00F2BF35 /* ContentView.swift */ = {isa = PBXFileReference; lastKnownFileType = sourcecode.swift; path = ContentView.swift; sourceTree = "<group>"; };
		47C49B412967FB1E00F2BF35 /* Assets.xcassets */ = {isa = PBXFileReference; lastKnownFileType = folder.assetcatalog; path = Assets.xcassets; sourceTree = "<group>"; };
		47C49B442967FB1E00F2BF35 /* Preview Assets.xcassets */ = {isa = PBXFileReference; lastKnownFileType = folder.assetcatalog; path = "Preview Assets.xcassets"; sourceTree = "<group>"; };
		47C49B462967FB1E00F2BF35 /* Persistence.swift */ = {isa = PBXFileReference; lastKnownFileType = sourcecode.swift; path = Persistence.swift; sourceTree = "<group>"; };
		47C49B492967FB1E00F2BF35 /* Simple_ID_Photo.xcdatamodel */ = {isa = PBXFileReference; lastKnownFileType = wrapper.xcdatamodel; path = Simple_ID_Photo.xcdatamodel; sourceTree = "<group>"; };
		47C49B4F2967FB1E00F2BF35 /* Tests (iOS).xctest */ = {isa = PBXFileReference; explicitFileType = wrapper.cfbundle; includeInIndex = 0; path = "Tests (iOS).xctest"; sourceTree = BUILT_PRODUCTS_DIR; };
		47C49B532967FB1E00F2BF35 /* Simple_ID_PhotoTests.swift */ = {isa = PBXFileReference; lastKnownFileType = sourcecode.swift; path = Simple_ID_PhotoTests.swift; sourceTree = "<group>"; };
		47C49B592967FB1F00F2BF35 /* UITests (iOS).xctest */ = {isa = PBXFileReference; explicitFileType = wrapper.cfbundle; includeInIndex = 0; path = "UITests (iOS).xctest"; sourceTree = BUILT_PRODUCTS_DIR; };
		47C49B5D2967FB1F00F2BF35 /* Simple_ID_PhotoUITests.swift */ = {isa = PBXFileReference; lastKnownFileType = sourcecode.swift; path = Simple_ID_PhotoUITests.swift; sourceTree = "<group>"; };
		47C49B5F2967FB1F00F2BF35 /* Simple_ID_PhotoUITestsLaunchTests.swift */ = {isa = PBXFileReference; lastKnownFileType = sourcecode.swift; path = Simple_ID_PhotoUITestsLaunchTests.swift; sourceTree = "<group>"; };
		47C49B70296831E600F2BF35 /* RootView.swift */ = {isa = PBXFileReference; lastKnownFileType = sourcecode.swift; path = RootView.swift; sourceTree = "<group>"; };
		47C49B732968326200F2BF35 /* TopView.swift */ = {isa = PBXFileReference; lastKnownFileType = sourcecode.swift; path = TopView.swift; sourceTree = "<group>"; };
		47C49B93296849A700F2BF35 /* CameraView.swift */ = {isa = PBXFileReference; lastKnownFileType = sourcecode.swift; path = CameraView.swift; sourceTree = "<group>"; };
		47D9040E2969142500DD4FAF /* ScreenSizeHelper.swift */ = {isa = PBXFileReference; lastKnownFileType = sourcecode.swift; path = ScreenSizeHelper.swift; sourceTree = "<group>"; };
		47D9041129692E9200DD4FAF /* Color+.swift */ = {isa = PBXFileReference; lastKnownFileType = sourcecode.swift; path = "Color+.swift"; sourceTree = "<group>"; };
/* End PBXFileReference section */

/* Begin PBXFrameworksBuildPhase section */
		47C49B372967FB1C00F2BF35 /* Frameworks */ = {
			isa = PBXFrameworksBuildPhase;
			buildActionMask = 2147483647;
			files = (
				47C49B86296847CE00F2BF35 /* FirebaseDatabaseSwift in Frameworks */,
				47C49B84296847CE00F2BF35 /* FirebaseDatabase in Frameworks */,
				47C49B7C296847CE00F2BF35 /* FirebaseAnalyticsSwift in Frameworks */,
				47C49B8A296847CE00F2BF35 /* FirebaseFirestoreCombine-Community in Frameworks */,
				47C49B7E296847CE00F2BF35 /* FirebaseAuth in Frameworks */,
				47C49B8C296847CE00F2BF35 /* FirebaseFirestoreSwift in Frameworks */,
				47C49B82296847CE00F2BF35 /* FirebaseCrashlytics in Frameworks */,
				47C49B88296847CE00F2BF35 /* FirebaseFirestore in Frameworks */,
				47C49B8E296847CE00F2BF35 /* FirebaseStorage in Frameworks */,
				47C49B7A296847CE00F2BF35 /* FirebaseAnalytics in Frameworks */,
				47C49B90296847CE00F2BF35 /* FirebaseStorageCombine-Community in Frameworks */,
				47C49B80296847CE00F2BF35 /* FirebaseAuthCombine-Community in Frameworks */,
			);
			runOnlyForDeploymentPostprocessing = 0;
		};
		47C49B4C2967FB1E00F2BF35 /* Frameworks */ = {
			isa = PBXFrameworksBuildPhase;
			buildActionMask = 2147483647;
			files = (
			);
			runOnlyForDeploymentPostprocessing = 0;
		};
		47C49B562967FB1F00F2BF35 /* Frameworks */ = {
			isa = PBXFrameworksBuildPhase;
			buildActionMask = 2147483647;
			files = (
			);
			runOnlyForDeploymentPostprocessing = 0;
		};
/* End PBXFrameworksBuildPhase section */

/* Begin PBXGroup section */
		47013AEA296C004C000A0D89 /* Firebase */ = {
			isa = PBXGroup;
			children = (
				47013AEC296C0224000A0D89 /* GoogleService-Info.plist */,
				47013AEB296C006B000A0D89 /* README.md */,
			);
			path = Firebase;
			sourceTree = "<group>";
		};
		475FB230296FD47F0059796F /* CreateIDPhoto */ = {
			isa = PBXGroup;
			children = (
				475FB231296FD47F0059796F /* CreateIDPhotoView.swift */,
				475FB237296FD6300059796F /* CreateIDPhotoViewContainer.swift */,
			);
			path = CreateIDPhoto;
			sourceTree = "<group>";
		};
		479BBC532969534400C02BB7 /* Localizations */ = {
			isa = PBXGroup;
			children = (
				479BBC7929696DCB00C02BB7 /* Localizable.strings */,
				479BBC7F29696E0500C02BB7 /* InfoPlist.strings */,
			);
			path = Localizations;
			sourceTree = "<group>";
		};
		47C49B312967FB1C00F2BF35 = {
			isa = PBXGroup;
			children = (
				47C49B3C2967FB1C00F2BF35 /* iOS */,
				47C49B522967FB1E00F2BF35 /* Tests */,
				47C49B5C2967FB1F00F2BF35 /* UITests */,
				47C49B3B2967FB1C00F2BF35 /* Products */,
			);
			sourceTree = "<group>";
		};
		47C49B3B2967FB1C00F2BF35 /* Products */ = {
			isa = PBXGroup;
			children = (
				47C49B3A2967FB1C00F2BF35 /* Simple ID Photo.app */,
				47C49B4F2967FB1E00F2BF35 /* Tests (iOS).xctest */,
				47C49B592967FB1F00F2BF35 /* UITests (iOS).xctest */,
			);
			name = Products;
			sourceTree = "<group>";
		};
		47C49B3C2967FB1C00F2BF35 /* iOS */ = {
			isa = PBXGroup;
			children = (
				47D9041029692E7B00DD4FAF /* Extensions */,
				47D9040D2969141300DD4FAF /* Utilities */,
				47C49B6E296831BB00F2BF35 /* Scenes */,
				47C49B912968497A00F2BF35 /* ViewComponents */,
				47C49B6C2968017A00F2BF35 /* Resources */,
				47C49B3D2967FB1C00F2BF35 /* SimpleIDPhotoApp.swift */,
				47C49B3F2967FB1C00F2BF35 /* ContentView.swift */,
				47C49B462967FB1E00F2BF35 /* Persistence.swift */,
				47C49B482967FB1E00F2BF35 /* Simple_ID_Photo.xcdatamodeld */,
			);
			path = iOS;
			sourceTree = "<group>";
		};
		47C49B432967FB1E00F2BF35 /* Preview Content */ = {
			isa = PBXGroup;
			children = (
				47C49B442967FB1E00F2BF35 /* Preview Assets.xcassets */,
			);
			path = "Preview Content";
			sourceTree = "<group>";
		};
		47C49B522967FB1E00F2BF35 /* Tests */ = {
			isa = PBXGroup;
			children = (
				47C49B532967FB1E00F2BF35 /* Simple_ID_PhotoTests.swift */,
			);
			path = Tests;
			sourceTree = "<group>";
		};
		47C49B5C2967FB1F00F2BF35 /* UITests */ = {
			isa = PBXGroup;
			children = (
				47C49B5D2967FB1F00F2BF35 /* Simple_ID_PhotoUITests.swift */,
				47C49B5F2967FB1F00F2BF35 /* Simple_ID_PhotoUITestsLaunchTests.swift */,
			);
			path = UITests;
			sourceTree = "<group>";
		};
		47C49B6C2968017A00F2BF35 /* Resources */ = {
			isa = PBXGroup;
			children = (
				47013AEA296C004C000A0D89 /* Firebase */,
				479BBC532969534400C02BB7 /* Localizations */,
				47C49B432967FB1E00F2BF35 /* Preview Content */,
				47C49B412967FB1E00F2BF35 /* Assets.xcassets */,
			);
			path = Resources;
			sourceTree = "<group>";
		};
		47C49B6E296831BB00F2BF35 /* Scenes */ = {
			isa = PBXGroup;
			children = (
				47C49B6F296831C700F2BF35 /* Root */,
				47C49B722968324A00F2BF35 /* Top */,
				475FB230296FD47F0059796F /* CreateIDPhoto */,
			);
			path = Scenes;
			sourceTree = "<group>";
		};
		47C49B6F296831C700F2BF35 /* Root */ = {
			isa = PBXGroup;
			children = (
				47C49B70296831E600F2BF35 /* RootView.swift */,
			);
			path = Root;
			sourceTree = "<group>";
		};
		47C49B722968324A00F2BF35 /* Top */ = {
			isa = PBXGroup;
			children = (
				47C49B732968326200F2BF35 /* TopView.swift */,
				479BBC8129696FF900C02BB7 /* TopViewContainer.swift */,
			);
			path = Top;
			sourceTree = "<group>";
		};
		47C49B912968497A00F2BF35 /* ViewComponents */ = {
			isa = PBXGroup;
			children = (
				47C49B922968498B00F2BF35 /* RepresentedViews */,
				479573E1296C1B1400B98881 /* IDPhotoSizePickerView.swift */,
			);
			path = ViewComponents;
			sourceTree = "<group>";
		};
		47C49B922968498B00F2BF35 /* RepresentedViews */ = {
			isa = PBXGroup;
			children = (
				47C49B93296849A700F2BF35 /* CameraView.swift */,
				479BBC832969754800C02BB7 /* PicturePickerView.swift */,
			);
			path = RepresentedViews;
			sourceTree = "<group>";
		};
		47D9040D2969141300DD4FAF /* Utilities */ = {
			isa = PBXGroup;
			children = (
				47D9040E2969142500DD4FAF /* ScreenSizeHelper.swift */,
			);
			path = Utilities;
			sourceTree = "<group>";
		};
		47D9041029692E7B00DD4FAF /* Extensions */ = {
			isa = PBXGroup;
			children = (
				475FB235296FD5000059796F /* UIImage+.swift */,
				47D9041129692E9200DD4FAF /* Color+.swift */,
			);
			path = Extensions;
			sourceTree = "<group>";
		};
/* End PBXGroup section */

/* Begin PBXNativeTarget section */
		47C49B392967FB1C00F2BF35 /* Simple ID Photo */ = {
			isa = PBXNativeTarget;
			buildConfigurationList = 47C49B632967FB1F00F2BF35 /* Build configuration list for PBXNativeTarget "Simple ID Photo" */;
			buildPhases = (
				47C49B362967FB1C00F2BF35 /* Sources */,
				47C49B372967FB1C00F2BF35 /* Frameworks */,
				47C49B382967FB1C00F2BF35 /* Resources */,
			);
			buildRules = (
			);
			dependencies = (
			);
			name = "Simple ID Photo";
			packageProductDependencies = (
				47C49B79296847CE00F2BF35 /* FirebaseAnalytics */,
				47C49B7B296847CE00F2BF35 /* FirebaseAnalyticsSwift */,
				47C49B7D296847CE00F2BF35 /* FirebaseAuth */,
				47C49B7F296847CE00F2BF35 /* FirebaseAuthCombine-Community */,
				47C49B81296847CE00F2BF35 /* FirebaseCrashlytics */,
				47C49B83296847CE00F2BF35 /* FirebaseDatabase */,
				47C49B85296847CE00F2BF35 /* FirebaseDatabaseSwift */,
				47C49B87296847CE00F2BF35 /* FirebaseFirestore */,
				47C49B89296847CE00F2BF35 /* FirebaseFirestoreCombine-Community */,
				47C49B8B296847CE00F2BF35 /* FirebaseFirestoreSwift */,
				47C49B8D296847CE00F2BF35 /* FirebaseStorage */,
				47C49B8F296847CE00F2BF35 /* FirebaseStorageCombine-Community */,
			);
			productName = "Simple ID Photo";
			productReference = 47C49B3A2967FB1C00F2BF35 /* Simple ID Photo.app */;
			productType = "com.apple.product-type.application";
		};
		47C49B4E2967FB1E00F2BF35 /* Tests (iOS) */ = {
			isa = PBXNativeTarget;
			buildConfigurationList = 47C49B662967FB1F00F2BF35 /* Build configuration list for PBXNativeTarget "Tests (iOS)" */;
			buildPhases = (
				47C49B4B2967FB1E00F2BF35 /* Sources */,
				47C49B4C2967FB1E00F2BF35 /* Frameworks */,
				47C49B4D2967FB1E00F2BF35 /* Resources */,
			);
			buildRules = (
			);
			dependencies = (
				47C49B512967FB1E00F2BF35 /* PBXTargetDependency */,
			);
			name = "Tests (iOS)";
			productName = "Simple ID PhotoTests";
			productReference = 47C49B4F2967FB1E00F2BF35 /* Tests (iOS).xctest */;
			productType = "com.apple.product-type.bundle.unit-test";
		};
		47C49B582967FB1F00F2BF35 /* UITests (iOS) */ = {
			isa = PBXNativeTarget;
			buildConfigurationList = 47C49B692967FB1F00F2BF35 /* Build configuration list for PBXNativeTarget "UITests (iOS)" */;
			buildPhases = (
				47C49B552967FB1F00F2BF35 /* Sources */,
				47C49B562967FB1F00F2BF35 /* Frameworks */,
				47C49B572967FB1F00F2BF35 /* Resources */,
			);
			buildRules = (
			);
			dependencies = (
				47C49B5B2967FB1F00F2BF35 /* PBXTargetDependency */,
			);
			name = "UITests (iOS)";
			productName = "Simple ID PhotoUITests";
			productReference = 47C49B592967FB1F00F2BF35 /* UITests (iOS).xctest */;
			productType = "com.apple.product-type.bundle.ui-testing";
		};
/* End PBXNativeTarget section */

/* Begin PBXProject section */
		47C49B322967FB1C00F2BF35 /* Project object */ = {
			isa = PBXProject;
			attributes = {
				BuildIndependentTargetsInParallel = 1;
				LastSwiftUpdateCheck = 1410;
				LastUpgradeCheck = 1410;
				TargetAttributes = {
					47C49B392967FB1C00F2BF35 = {
						CreatedOnToolsVersion = 14.1;
					};
					47C49B4E2967FB1E00F2BF35 = {
						CreatedOnToolsVersion = 14.1;
						TestTargetID = 47C49B392967FB1C00F2BF35;
					};
					47C49B582967FB1F00F2BF35 = {
						CreatedOnToolsVersion = 14.1;
						TestTargetID = 47C49B392967FB1C00F2BF35;
					};
				};
			};
			buildConfigurationList = 47C49B352967FB1C00F2BF35 /* Build configuration list for PBXProject "Simple ID Photo" */;
			compatibilityVersion = "Xcode 14.0";
			developmentRegion = ja;
			hasScannedForEncodings = 0;
			knownRegions = (
				ja,
				en,
				Base,
			);
			mainGroup = 47C49B312967FB1C00F2BF35;
			packageReferences = (
				47C49B78296847CE00F2BF35 /* XCRemoteSwiftPackageReference "firebase-ios-sdk" */,
			);
			productRefGroup = 47C49B3B2967FB1C00F2BF35 /* Products */;
			projectDirPath = "";
			projectRoot = "";
			targets = (
				47C49B392967FB1C00F2BF35 /* Simple ID Photo */,
				47C49B4E2967FB1E00F2BF35 /* Tests (iOS) */,
				47C49B582967FB1F00F2BF35 /* UITests (iOS) */,
			);
		};
/* End PBXProject section */

/* Begin PBXResourcesBuildPhase section */
		47C49B382967FB1C00F2BF35 /* Resources */ = {
			isa = PBXResourcesBuildPhase;
			buildActionMask = 2147483647;
			files = (
				47C49B452967FB1E00F2BF35 /* Preview Assets.xcassets in Resources */,
				479BBC7729696DCB00C02BB7 /* Localizable.strings in Resources */,
				47C49B422967FB1E00F2BF35 /* Assets.xcassets in Resources */,
				479BBC7D29696E0500C02BB7 /* InfoPlist.strings in Resources */,
			);
			runOnlyForDeploymentPostprocessing = 0;
		};
		47C49B4D2967FB1E00F2BF35 /* Resources */ = {
			isa = PBXResourcesBuildPhase;
			buildActionMask = 2147483647;
			files = (
			);
			runOnlyForDeploymentPostprocessing = 0;
		};
		47C49B572967FB1F00F2BF35 /* Resources */ = {
			isa = PBXResourcesBuildPhase;
			buildActionMask = 2147483647;
			files = (
			);
			runOnlyForDeploymentPostprocessing = 0;
		};
/* End PBXResourcesBuildPhase section */

/* Begin PBXSourcesBuildPhase section */
		47C49B362967FB1C00F2BF35 /* Sources */ = {
			isa = PBXSourcesBuildPhase;
			buildActionMask = 2147483647;
			files = (
				47C49B472967FB1E00F2BF35 /* Persistence.swift in Sources */,
				475FB236296FD5000059796F /* UIImage+.swift in Sources */,
				47D9041229692E9200DD4FAF /* Color+.swift in Sources */,
				47C49B94296849A700F2BF35 /* CameraView.swift in Sources */,
				47C49B402967FB1C00F2BF35 /* ContentView.swift in Sources */,
				47C49B3E2967FB1C00F2BF35 /* SimpleIDPhotoApp.swift in Sources */,
				479573E2296C1B1400B98881 /* IDPhotoSizePickerView.swift in Sources */,
				47D9040F2969142500DD4FAF /* ScreenSizeHelper.swift in Sources */,
				479BBC8229696FF900C02BB7 /* TopViewContainer.swift in Sources */,
				47C49B4A2967FB1E00F2BF35 /* Simple_ID_Photo.xcdatamodeld in Sources */,
				479BBC842969754800C02BB7 /* PicturePickerView.swift in Sources */,
				475FB233296FD47F0059796F /* CreateIDPhotoView.swift in Sources */,
				47C49B742968326200F2BF35 /* TopView.swift in Sources */,
				475FB238296FD6300059796F /* CreateIDPhotoViewContainer.swift in Sources */,
				47C49B71296831E600F2BF35 /* RootView.swift in Sources */,
			);
			runOnlyForDeploymentPostprocessing = 0;
		};
		47C49B4B2967FB1E00F2BF35 /* Sources */ = {
			isa = PBXSourcesBuildPhase;
			buildActionMask = 2147483647;
			files = (
				47C49B542967FB1E00F2BF35 /* Simple_ID_PhotoTests.swift in Sources */,
			);
			runOnlyForDeploymentPostprocessing = 0;
		};
		47C49B552967FB1F00F2BF35 /* Sources */ = {
			isa = PBXSourcesBuildPhase;
			buildActionMask = 2147483647;
			files = (
				47C49B602967FB1F00F2BF35 /* Simple_ID_PhotoUITestsLaunchTests.swift in Sources */,
				47C49B5E2967FB1F00F2BF35 /* Simple_ID_PhotoUITests.swift in Sources */,
			);
			runOnlyForDeploymentPostprocessing = 0;
		};
/* End PBXSourcesBuildPhase section */

/* Begin PBXTargetDependency section */
		47C49B512967FB1E00F2BF35 /* PBXTargetDependency */ = {
			isa = PBXTargetDependency;
			target = 47C49B392967FB1C00F2BF35 /* Simple ID Photo */;
			targetProxy = 47C49B502967FB1E00F2BF35 /* PBXContainerItemProxy */;
		};
		47C49B5B2967FB1F00F2BF35 /* PBXTargetDependency */ = {
			isa = PBXTargetDependency;
			target = 47C49B392967FB1C00F2BF35 /* Simple ID Photo */;
			targetProxy = 47C49B5A2967FB1F00F2BF35 /* PBXContainerItemProxy */;
		};
/* End PBXTargetDependency section */

/* Begin PBXVariantGroup section */
		479BBC7929696DCB00C02BB7 /* Localizable.strings */ = {
			isa = PBXVariantGroup;
			children = (
				479BBC7829696DCB00C02BB7 /* en */,
				479BBC7A29696DD800C02BB7 /* ja */,
			);
			name = Localizable.strings;
			sourceTree = "<group>";
		};
		479BBC7F29696E0500C02BB7 /* InfoPlist.strings */ = {
			isa = PBXVariantGroup;
			children = (
				479BBC7E29696E0500C02BB7 /* en */,
				479BBC8029696E0900C02BB7 /* ja */,
			);
			name = InfoPlist.strings;
			sourceTree = "<group>";
		};
/* End PBXVariantGroup section */

/* Begin XCBuildConfiguration section */
		47C49B612967FB1F00F2BF35 /* Debug */ = {
			isa = XCBuildConfiguration;
			buildSettings = {
				ALWAYS_SEARCH_USER_PATHS = NO;
				CLANG_ANALYZER_NONNULL = YES;
				CLANG_ANALYZER_NUMBER_OBJECT_CONVERSION = YES_AGGRESSIVE;
				CLANG_CXX_LANGUAGE_STANDARD = "gnu++20";
				CLANG_ENABLE_MODULES = YES;
				CLANG_ENABLE_OBJC_ARC = YES;
				CLANG_ENABLE_OBJC_WEAK = YES;
				CLANG_WARN_BLOCK_CAPTURE_AUTORELEASING = YES;
				CLANG_WARN_BOOL_CONVERSION = YES;
				CLANG_WARN_COMMA = YES;
				CLANG_WARN_CONSTANT_CONVERSION = YES;
				CLANG_WARN_DEPRECATED_OBJC_IMPLEMENTATIONS = YES;
				CLANG_WARN_DIRECT_OBJC_ISA_USAGE = YES_ERROR;
				CLANG_WARN_DOCUMENTATION_COMMENTS = YES;
				CLANG_WARN_EMPTY_BODY = YES;
				CLANG_WARN_ENUM_CONVERSION = YES;
				CLANG_WARN_INFINITE_RECURSION = YES;
				CLANG_WARN_INT_CONVERSION = YES;
				CLANG_WARN_NON_LITERAL_NULL_CONVERSION = YES;
				CLANG_WARN_OBJC_IMPLICIT_RETAIN_SELF = YES;
				CLANG_WARN_OBJC_LITERAL_CONVERSION = YES;
				CLANG_WARN_OBJC_ROOT_CLASS = YES_ERROR;
				CLANG_WARN_QUOTED_INCLUDE_IN_FRAMEWORK_HEADER = YES;
				CLANG_WARN_RANGE_LOOP_ANALYSIS = YES;
				CLANG_WARN_STRICT_PROTOTYPES = YES;
				CLANG_WARN_SUSPICIOUS_MOVE = YES;
				CLANG_WARN_UNGUARDED_AVAILABILITY = YES_AGGRESSIVE;
				CLANG_WARN_UNREACHABLE_CODE = YES;
				CLANG_WARN__DUPLICATE_METHOD_MATCH = YES;
				COPY_PHASE_STRIP = NO;
				DEBUG_INFORMATION_FORMAT = dwarf;
				ENABLE_STRICT_OBJC_MSGSEND = YES;
				ENABLE_TESTABILITY = YES;
				GCC_C_LANGUAGE_STANDARD = gnu11;
				GCC_DYNAMIC_NO_PIC = NO;
				GCC_NO_COMMON_BLOCKS = YES;
				GCC_OPTIMIZATION_LEVEL = 0;
				GCC_PREPROCESSOR_DEFINITIONS = (
					"DEBUG=1",
					"$(inherited)",
				);
				GCC_WARN_64_TO_32_BIT_CONVERSION = YES;
				GCC_WARN_ABOUT_RETURN_TYPE = YES_ERROR;
				GCC_WARN_UNDECLARED_SELECTOR = YES;
				GCC_WARN_UNINITIALIZED_AUTOS = YES_AGGRESSIVE;
				GCC_WARN_UNUSED_FUNCTION = YES;
				GCC_WARN_UNUSED_VARIABLE = YES;
				IPHONEOS_DEPLOYMENT_TARGET = 16.1;
				MTL_ENABLE_DEBUG_INFO = INCLUDE_SOURCE;
				MTL_FAST_MATH = YES;
				ONLY_ACTIVE_ARCH = YES;
				SDKROOT = iphoneos;
				SWIFT_ACTIVE_COMPILATION_CONDITIONS = DEBUG;
				SWIFT_OPTIMIZATION_LEVEL = "-Onone";
			};
			name = Debug;
		};
		47C49B622967FB1F00F2BF35 /* Release */ = {
			isa = XCBuildConfiguration;
			buildSettings = {
				ALWAYS_SEARCH_USER_PATHS = NO;
				CLANG_ANALYZER_NONNULL = YES;
				CLANG_ANALYZER_NUMBER_OBJECT_CONVERSION = YES_AGGRESSIVE;
				CLANG_CXX_LANGUAGE_STANDARD = "gnu++20";
				CLANG_ENABLE_MODULES = YES;
				CLANG_ENABLE_OBJC_ARC = YES;
				CLANG_ENABLE_OBJC_WEAK = YES;
				CLANG_WARN_BLOCK_CAPTURE_AUTORELEASING = YES;
				CLANG_WARN_BOOL_CONVERSION = YES;
				CLANG_WARN_COMMA = YES;
				CLANG_WARN_CONSTANT_CONVERSION = YES;
				CLANG_WARN_DEPRECATED_OBJC_IMPLEMENTATIONS = YES;
				CLANG_WARN_DIRECT_OBJC_ISA_USAGE = YES_ERROR;
				CLANG_WARN_DOCUMENTATION_COMMENTS = YES;
				CLANG_WARN_EMPTY_BODY = YES;
				CLANG_WARN_ENUM_CONVERSION = YES;
				CLANG_WARN_INFINITE_RECURSION = YES;
				CLANG_WARN_INT_CONVERSION = YES;
				CLANG_WARN_NON_LITERAL_NULL_CONVERSION = YES;
				CLANG_WARN_OBJC_IMPLICIT_RETAIN_SELF = YES;
				CLANG_WARN_OBJC_LITERAL_CONVERSION = YES;
				CLANG_WARN_OBJC_ROOT_CLASS = YES_ERROR;
				CLANG_WARN_QUOTED_INCLUDE_IN_FRAMEWORK_HEADER = YES;
				CLANG_WARN_RANGE_LOOP_ANALYSIS = YES;
				CLANG_WARN_STRICT_PROTOTYPES = YES;
				CLANG_WARN_SUSPICIOUS_MOVE = YES;
				CLANG_WARN_UNGUARDED_AVAILABILITY = YES_AGGRESSIVE;
				CLANG_WARN_UNREACHABLE_CODE = YES;
				CLANG_WARN__DUPLICATE_METHOD_MATCH = YES;
				COPY_PHASE_STRIP = NO;
				DEBUG_INFORMATION_FORMAT = "dwarf-with-dsym";
				ENABLE_NS_ASSERTIONS = NO;
				ENABLE_STRICT_OBJC_MSGSEND = YES;
				GCC_C_LANGUAGE_STANDARD = gnu11;
				GCC_NO_COMMON_BLOCKS = YES;
				GCC_WARN_64_TO_32_BIT_CONVERSION = YES;
				GCC_WARN_ABOUT_RETURN_TYPE = YES_ERROR;
				GCC_WARN_UNDECLARED_SELECTOR = YES;
				GCC_WARN_UNINITIALIZED_AUTOS = YES_AGGRESSIVE;
				GCC_WARN_UNUSED_FUNCTION = YES;
				GCC_WARN_UNUSED_VARIABLE = YES;
				IPHONEOS_DEPLOYMENT_TARGET = 16.1;
				MTL_ENABLE_DEBUG_INFO = NO;
				MTL_FAST_MATH = YES;
				SDKROOT = iphoneos;
				SWIFT_COMPILATION_MODE = wholemodule;
				SWIFT_OPTIMIZATION_LEVEL = "-O";
				VALIDATE_PRODUCT = YES;
			};
			name = Release;
		};
		47C49B642967FB1F00F2BF35 /* Debug */ = {
			isa = XCBuildConfiguration;
			buildSettings = {
				ASSETCATALOG_COMPILER_APPICON_NAME = AppIcon;
				ASSETCATALOG_COMPILER_GLOBAL_ACCENT_COLOR_NAME = AccentColor;
				CODE_SIGN_STYLE = Automatic;
				CURRENT_PROJECT_VERSION = 1;
				DEVELOPMENT_ASSET_PATHS = "\"iOS/Resources/Preview Content\"";
				DEVELOPMENT_TEAM = V94VRHKNZJ;
				ENABLE_PREVIEWS = YES;
				GENERATE_INFOPLIST_FILE = YES;
				INFOPLIST_KEY_CFBundleDisplayName = "簡単証明写真";
				INFOPLIST_KEY_NSCameraUsageDescription = "証明写真を作成するためにカメラを使用します。";
				INFOPLIST_KEY_UIApplicationSceneManifest_Generation = YES;
				INFOPLIST_KEY_UIApplicationSupportsIndirectInputEvents = YES;
				INFOPLIST_KEY_UILaunchScreen_Generation = YES;
				INFOPLIST_KEY_UISupportedInterfaceOrientations = UIInterfaceOrientationPortrait;
				INFOPLIST_KEY_UISupportedInterfaceOrientations_iPad = "UIInterfaceOrientationLandscapeLeft UIInterfaceOrientationLandscapeRight UIInterfaceOrientationPortrait UIInterfaceOrientationPortraitUpsideDown";
				LD_RUNPATH_SEARCH_PATHS = (
					"$(inherited)",
					"@executable_path/Frameworks",
				);
				MARKETING_VERSION = 1.0;
				PRODUCT_BUNDLE_IDENTIFIER = "pictures.uhucream-takashi.Simple-ID-Photo";
				PRODUCT_NAME = "$(TARGET_NAME)";
				SWIFT_EMIT_LOC_STRINGS = YES;
				SWIFT_VERSION = 5.0;
				TARGETED_DEVICE_FAMILY = "1,2";
			};
			name = Debug;
		};
		47C49B652967FB1F00F2BF35 /* Release */ = {
			isa = XCBuildConfiguration;
			buildSettings = {
				ASSETCATALOG_COMPILER_APPICON_NAME = AppIcon;
				ASSETCATALOG_COMPILER_GLOBAL_ACCENT_COLOR_NAME = AccentColor;
				CODE_SIGN_STYLE = Automatic;
				CURRENT_PROJECT_VERSION = 1;
				DEVELOPMENT_ASSET_PATHS = "\"iOS/Resources/Preview Content\"";
				DEVELOPMENT_TEAM = V94VRHKNZJ;
				ENABLE_PREVIEWS = YES;
				GENERATE_INFOPLIST_FILE = YES;
				INFOPLIST_KEY_CFBundleDisplayName = "簡単証明写真";
				INFOPLIST_KEY_NSCameraUsageDescription = "証明写真を作成するためにカメラを使用します。";
				INFOPLIST_KEY_UIApplicationSceneManifest_Generation = YES;
				INFOPLIST_KEY_UIApplicationSupportsIndirectInputEvents = YES;
				INFOPLIST_KEY_UILaunchScreen_Generation = YES;
				INFOPLIST_KEY_UISupportedInterfaceOrientations = UIInterfaceOrientationPortrait;
				INFOPLIST_KEY_UISupportedInterfaceOrientations_iPad = "UIInterfaceOrientationLandscapeLeft UIInterfaceOrientationLandscapeRight UIInterfaceOrientationPortrait UIInterfaceOrientationPortraitUpsideDown";
				LD_RUNPATH_SEARCH_PATHS = (
					"$(inherited)",
					"@executable_path/Frameworks",
				);
				MARKETING_VERSION = 1.0;
				PRODUCT_BUNDLE_IDENTIFIER = "pictures.uhucream-takashi.Simple-ID-Photo";
				PRODUCT_NAME = "$(TARGET_NAME)";
				SWIFT_EMIT_LOC_STRINGS = YES;
				SWIFT_VERSION = 5.0;
				TARGETED_DEVICE_FAMILY = "1,2";
			};
			name = Release;
		};
		47C49B672967FB1F00F2BF35 /* Debug */ = {
			isa = XCBuildConfiguration;
			buildSettings = {
				ALWAYS_EMBED_SWIFT_STANDARD_LIBRARIES = YES;
				BUNDLE_LOADER = "$(TEST_HOST)";
				CODE_SIGN_STYLE = Automatic;
				CURRENT_PROJECT_VERSION = 1;
				DEVELOPMENT_TEAM = V94VRHKNZJ;
				GENERATE_INFOPLIST_FILE = YES;
				IPHONEOS_DEPLOYMENT_TARGET = 16.1;
				MARKETING_VERSION = 1.0;
				PRODUCT_BUNDLE_IDENTIFIER = "pictures.uhucream-takashi.Simple-ID-PhotoTests";
				PRODUCT_NAME = "$(TARGET_NAME)";
				SWIFT_EMIT_LOC_STRINGS = NO;
				SWIFT_VERSION = 5.0;
				TARGETED_DEVICE_FAMILY = "1,2";
				TEST_HOST = "$(BUILT_PRODUCTS_DIR)/Simple ID Photo.app/$(BUNDLE_EXECUTABLE_FOLDER_PATH)/Simple ID Photo";
			};
			name = Debug;
		};
		47C49B682967FB1F00F2BF35 /* Release */ = {
			isa = XCBuildConfiguration;
			buildSettings = {
				ALWAYS_EMBED_SWIFT_STANDARD_LIBRARIES = YES;
				BUNDLE_LOADER = "$(TEST_HOST)";
				CODE_SIGN_STYLE = Automatic;
				CURRENT_PROJECT_VERSION = 1;
				DEVELOPMENT_TEAM = V94VRHKNZJ;
				GENERATE_INFOPLIST_FILE = YES;
				IPHONEOS_DEPLOYMENT_TARGET = 16.1;
				MARKETING_VERSION = 1.0;
				PRODUCT_BUNDLE_IDENTIFIER = "pictures.uhucream-takashi.Simple-ID-PhotoTests";
				PRODUCT_NAME = "$(TARGET_NAME)";
				SWIFT_EMIT_LOC_STRINGS = NO;
				SWIFT_VERSION = 5.0;
				TARGETED_DEVICE_FAMILY = "1,2";
				TEST_HOST = "$(BUILT_PRODUCTS_DIR)/Simple ID Photo.app/$(BUNDLE_EXECUTABLE_FOLDER_PATH)/Simple ID Photo";
			};
			name = Release;
		};
		47C49B6A2967FB1F00F2BF35 /* Debug */ = {
			isa = XCBuildConfiguration;
			buildSettings = {
				ALWAYS_EMBED_SWIFT_STANDARD_LIBRARIES = YES;
				CODE_SIGN_STYLE = Automatic;
				CURRENT_PROJECT_VERSION = 1;
				DEVELOPMENT_TEAM = V94VRHKNZJ;
				GENERATE_INFOPLIST_FILE = YES;
				IPHONEOS_DEPLOYMENT_TARGET = 15.0;
				MARKETING_VERSION = 1.0;
				PRODUCT_BUNDLE_IDENTIFIER = "pictures.uhucream-takashi.Simple-ID-PhotoUITests";
				PRODUCT_NAME = "$(TARGET_NAME)";
				SWIFT_EMIT_LOC_STRINGS = NO;
				SWIFT_VERSION = 5.0;
				TARGETED_DEVICE_FAMILY = "1,2";
				TEST_TARGET_NAME = "Simple ID Photo";
			};
			name = Debug;
		};
		47C49B6B2967FB1F00F2BF35 /* Release */ = {
			isa = XCBuildConfiguration;
			buildSettings = {
				ALWAYS_EMBED_SWIFT_STANDARD_LIBRARIES = YES;
				CODE_SIGN_STYLE = Automatic;
				CURRENT_PROJECT_VERSION = 1;
				DEVELOPMENT_TEAM = V94VRHKNZJ;
				GENERATE_INFOPLIST_FILE = YES;
				IPHONEOS_DEPLOYMENT_TARGET = 15.0;
				MARKETING_VERSION = 1.0;
				PRODUCT_BUNDLE_IDENTIFIER = "pictures.uhucream-takashi.Simple-ID-PhotoUITests";
				PRODUCT_NAME = "$(TARGET_NAME)";
				SWIFT_EMIT_LOC_STRINGS = NO;
				SWIFT_VERSION = 5.0;
				TARGETED_DEVICE_FAMILY = "1,2";
				TEST_TARGET_NAME = "Simple ID Photo";
			};
			name = Release;
		};
/* End XCBuildConfiguration section */

/* Begin XCConfigurationList section */
		47C49B352967FB1C00F2BF35 /* Build configuration list for PBXProject "Simple ID Photo" */ = {
			isa = XCConfigurationList;
			buildConfigurations = (
				47C49B612967FB1F00F2BF35 /* Debug */,
				47C49B622967FB1F00F2BF35 /* Release */,
			);
			defaultConfigurationIsVisible = 0;
			defaultConfigurationName = Release;
		};
		47C49B632967FB1F00F2BF35 /* Build configuration list for PBXNativeTarget "Simple ID Photo" */ = {
			isa = XCConfigurationList;
			buildConfigurations = (
				47C49B642967FB1F00F2BF35 /* Debug */,
				47C49B652967FB1F00F2BF35 /* Release */,
			);
			defaultConfigurationIsVisible = 0;
			defaultConfigurationName = Release;
		};
		47C49B662967FB1F00F2BF35 /* Build configuration list for PBXNativeTarget "Tests (iOS)" */ = {
			isa = XCConfigurationList;
			buildConfigurations = (
				47C49B672967FB1F00F2BF35 /* Debug */,
				47C49B682967FB1F00F2BF35 /* Release */,
			);
			defaultConfigurationIsVisible = 0;
			defaultConfigurationName = Release;
		};
		47C49B692967FB1F00F2BF35 /* Build configuration list for PBXNativeTarget "UITests (iOS)" */ = {
			isa = XCConfigurationList;
			buildConfigurations = (
				47C49B6A2967FB1F00F2BF35 /* Debug */,
				47C49B6B2967FB1F00F2BF35 /* Release */,
			);
			defaultConfigurationIsVisible = 0;
			defaultConfigurationName = Release;
		};
/* End XCConfigurationList section */

/* Begin XCRemoteSwiftPackageReference section */
		47C49B78296847CE00F2BF35 /* XCRemoteSwiftPackageReference "firebase-ios-sdk" */ = {
			isa = XCRemoteSwiftPackageReference;
			repositoryURL = "https://github.com/firebase/firebase-ios-sdk";
			requirement = {
				branch = master;
				kind = branch;
			};
		};
/* End XCRemoteSwiftPackageReference section */

/* Begin XCSwiftPackageProductDependency section */
		47C49B79296847CE00F2BF35 /* FirebaseAnalytics */ = {
			isa = XCSwiftPackageProductDependency;
			package = 47C49B78296847CE00F2BF35 /* XCRemoteSwiftPackageReference "firebase-ios-sdk" */;
			productName = FirebaseAnalytics;
		};
		47C49B7B296847CE00F2BF35 /* FirebaseAnalyticsSwift */ = {
			isa = XCSwiftPackageProductDependency;
			package = 47C49B78296847CE00F2BF35 /* XCRemoteSwiftPackageReference "firebase-ios-sdk" */;
			productName = FirebaseAnalyticsSwift;
		};
		47C49B7D296847CE00F2BF35 /* FirebaseAuth */ = {
			isa = XCSwiftPackageProductDependency;
			package = 47C49B78296847CE00F2BF35 /* XCRemoteSwiftPackageReference "firebase-ios-sdk" */;
			productName = FirebaseAuth;
		};
		47C49B7F296847CE00F2BF35 /* FirebaseAuthCombine-Community */ = {
			isa = XCSwiftPackageProductDependency;
			package = 47C49B78296847CE00F2BF35 /* XCRemoteSwiftPackageReference "firebase-ios-sdk" */;
			productName = "FirebaseAuthCombine-Community";
		};
		47C49B81296847CE00F2BF35 /* FirebaseCrashlytics */ = {
			isa = XCSwiftPackageProductDependency;
			package = 47C49B78296847CE00F2BF35 /* XCRemoteSwiftPackageReference "firebase-ios-sdk" */;
			productName = FirebaseCrashlytics;
		};
		47C49B83296847CE00F2BF35 /* FirebaseDatabase */ = {
			isa = XCSwiftPackageProductDependency;
			package = 47C49B78296847CE00F2BF35 /* XCRemoteSwiftPackageReference "firebase-ios-sdk" */;
			productName = FirebaseDatabase;
		};
		47C49B85296847CE00F2BF35 /* FirebaseDatabaseSwift */ = {
			isa = XCSwiftPackageProductDependency;
			package = 47C49B78296847CE00F2BF35 /* XCRemoteSwiftPackageReference "firebase-ios-sdk" */;
			productName = FirebaseDatabaseSwift;
		};
		47C49B87296847CE00F2BF35 /* FirebaseFirestore */ = {
			isa = XCSwiftPackageProductDependency;
			package = 47C49B78296847CE00F2BF35 /* XCRemoteSwiftPackageReference "firebase-ios-sdk" */;
			productName = FirebaseFirestore;
		};
		47C49B89296847CE00F2BF35 /* FirebaseFirestoreCombine-Community */ = {
			isa = XCSwiftPackageProductDependency;
			package = 47C49B78296847CE00F2BF35 /* XCRemoteSwiftPackageReference "firebase-ios-sdk" */;
			productName = "FirebaseFirestoreCombine-Community";
		};
		47C49B8B296847CE00F2BF35 /* FirebaseFirestoreSwift */ = {
			isa = XCSwiftPackageProductDependency;
			package = 47C49B78296847CE00F2BF35 /* XCRemoteSwiftPackageReference "firebase-ios-sdk" */;
			productName = FirebaseFirestoreSwift;
		};
		47C49B8D296847CE00F2BF35 /* FirebaseStorage */ = {
			isa = XCSwiftPackageProductDependency;
			package = 47C49B78296847CE00F2BF35 /* XCRemoteSwiftPackageReference "firebase-ios-sdk" */;
			productName = FirebaseStorage;
		};
		47C49B8F296847CE00F2BF35 /* FirebaseStorageCombine-Community */ = {
			isa = XCSwiftPackageProductDependency;
			package = 47C49B78296847CE00F2BF35 /* XCRemoteSwiftPackageReference "firebase-ios-sdk" */;
			productName = "FirebaseStorageCombine-Community";
		};
/* End XCSwiftPackageProductDependency section */

/* Begin XCVersionGroup section */
		47C49B482967FB1E00F2BF35 /* Simple_ID_Photo.xcdatamodeld */ = {
			isa = XCVersionGroup;
			children = (
				47C49B492967FB1E00F2BF35 /* Simple_ID_Photo.xcdatamodel */,
			);
			currentVersion = 47C49B492967FB1E00F2BF35 /* Simple_ID_Photo.xcdatamodel */;
			path = Simple_ID_Photo.xcdatamodeld;
			sourceTree = "<group>";
			versionGroupType = wrapper.xcdatamodel;
		};
/* End XCVersionGroup section */
	};
	rootObject = 47C49B322967FB1C00F2BF35 /* Project object */;
}
